Microsoft Visual Studio Solution File, Format Version 12.00
# Visual Studio Version 17
VisualStudioVersion = 17.5.2.0
MinimumVisualStudioVersion = 10.0.40219.1
Project("{FAE04EC0-301F-11D3-BF4B-00C04F79EFBC}") = "Shush", "Shush\Shush.csproj", "{BC8DE0E8-1C40-10CA-1038-EB2BB3DFB409}"
EndProject
Global
	GlobalSection(SolutionConfigurationPlatforms) = preSolution
		Debug|Any CPU = Debug|Any CPU
		Release|Any CPU = Release|Any CPU
	EndGlobalSection
	GlobalSection(ProjectConfigurationPlatforms) = postSolution
		{BC8DE0E8-1C40-10CA-1038-EB2BB3DFB409}.Debug|Any CPU.ActiveCfg = Debug|Any CPU
		{BC8DE0E8-1C40-10CA-1038-EB2BB3DFB409}.Debug|Any CPU.Build.0 = Debug|Any CPU
		{BC8DE0E8-1C40-10CA-1038-EB2BB3DFB409}.Release|Any CPU.ActiveCfg = Release|Any CPU
		{BC8DE0E8-1C40-10CA-1038-EB2BB3DFB409}.Release|Any CPU.Build.0 = Release|Any CPU
	EndGlobalSection
	GlobalSection(SolutionProperties) = preSolution
		HideSolutionNode = FALSE
	EndGlobalSection
	GlobalSection(ExtensibilityGlobals) = postSolution
		SolutionGuid = {687C2274-EA36-418C-B2BE-D707547A2633}
	EndGlobalSection
EndGlobal
